// !$*UTF8*$!
{
	archiveVersion = 1;
	classes = {
	};
	objectVersion = 52;
	objects = {

/* Begin PBXBuildFile section */
		BD15FE04255D309A0093B1C1 /* Alamofire in Frameworks */ = {isa = PBXBuildFile; productRef = BD15FE03255D309A0093B1C1 /* Alamofire */; };
		BD15FE07255D34EF0093B1C1 /* AppStoreModel.swift in Sources */ = {isa = PBXBuildFile; fileRef = BD15FE06255D34EF0093B1C1 /* AppStoreModel.swift */; };
		BD15FE0B255D4A250093B1C1 /* Kingfisher in Frameworks */ = {isa = PBXBuildFile; productRef = BD15FE0A255D4A250093B1C1 /* Kingfisher */; };
		BDF796722553F76700E40B7B /* AppDelegate.swift in Sources */ = {isa = PBXBuildFile; fileRef = BDF796712553F76700E40B7B /* AppDelegate.swift */; };
		BDF796742553F76700E40B7B /* SceneDelegate.swift in Sources */ = {isa = PBXBuildFile; fileRef = BDF796732553F76700E40B7B /* SceneDelegate.swift */; };
		BDF796762553F76700E40B7B /* ViewController.swift in Sources */ = {isa = PBXBuildFile; fileRef = BDF796752553F76700E40B7B /* ViewController.swift */; };
		BDF796792553F76700E40B7B /* Main.storyboard in Resources */ = {isa = PBXBuildFile; fileRef = BDF796772553F76700E40B7B /* Main.storyboard */; };
		BDF7967B2553F76800E40B7B /* Assets.xcassets in Resources */ = {isa = PBXBuildFile; fileRef = BDF7967A2553F76800E40B7B /* Assets.xcassets */; };
		BDF7967E2553F76800E40B7B /* LaunchScreen.storyboard in Resources */ = {isa = PBXBuildFile; fileRef = BDF7967C2553F76800E40B7B /* LaunchScreen.storyboard */; };
		BDF796882554178500E40B7B /* AppStoreItemTableViewCell.swift in Sources */ = {isa = PBXBuildFile; fileRef = BDF796872554178500E40B7B /* AppStoreItemTableViewCell.swift */; };
		BDF7968C255421D500E40B7B /* SearchViewController.swift in Sources */ = {isa = PBXBuildFile; fileRef = BDF7968B255421D500E40B7B /* SearchViewController.swift */; };
/* End PBXBuildFile section */

/* Begin PBXFileReference section */
		BD15FE06255D34EF0093B1C1 /* AppStoreModel.swift */ = {isa = PBXFileReference; lastKnownFileType = sourcecode.swift; path = AppStoreModel.swift; sourceTree = "<group>"; };
		BDF7966E2553F76700E40B7B /* GSM.app */ = {isa = PBXFileReference; explicitFileType = wrapper.application; includeInIndex = 0; path = GSM.app; sourceTree = BUILT_PRODUCTS_DIR; };
		BDF796712553F76700E40B7B /* AppDelegate.swift */ = {isa = PBXFileReference; lastKnownFileType = sourcecode.swift; path = AppDelegate.swift; sourceTree = "<group>"; };
		BDF796732553F76700E40B7B /* SceneDelegate.swift */ = {isa = PBXFileReference; lastKnownFileType = sourcecode.swift; path = SceneDelegate.swift; sourceTree = "<group>"; };
		BDF796752553F76700E40B7B /* ViewController.swift */ = {isa = PBXFileReference; lastKnownFileType = sourcecode.swift; path = ViewController.swift; sourceTree = "<group>"; };
		BDF796782553F76700E40B7B /* Base */ = {isa = PBXFileReference; lastKnownFileType = file.storyboard; name = Base; path = Base.lproj/Main.storyboard; sourceTree = "<group>"; };
		BDF7967A2553F76800E40B7B /* Assets.xcassets */ = {isa = PBXFileReference; lastKnownFileType = folder.assetcatalog; path = Assets.xcassets; sourceTree = "<group>"; };
		BDF7967D2553F76800E40B7B /* Base */ = {isa = PBXFileReference; lastKnownFileType = file.storyboard; name = Base; path = Base.lproj/LaunchScreen.storyboard; sourceTree = "<group>"; };
		BDF7967F2553F76800E40B7B /* Info.plist */ = {isa = PBXFileReference; lastKnownFileType = text.plist.xml; path = Info.plist; sourceTree = "<group>"; };
		BDF796872554178500E40B7B /* AppStoreItemTableViewCell.swift */ = {isa = PBXFileReference; lastKnownFileType = sourcecode.swift; path = AppStoreItemTableViewCell.swift; sourceTree = "<group>"; };
		BDF7968B255421D500E40B7B /* SearchViewController.swift */ = {isa = PBXFileReference; lastKnownFileType = sourcecode.swift; path = SearchViewController.swift; sourceTree = "<group>"; };
/* End PBXFileReference section */

/* Begin PBXFrameworksBuildPhase section */
		BDF7966B2553F76700E40B7B /* Frameworks */ = {
			isa = PBXFrameworksBuildPhase;
			buildActionMask = 2147483647;
			files = (
				BD15FE0B255D4A250093B1C1 /* Kingfisher in Frameworks */,
				BD15FE04255D309A0093B1C1 /* Alamofire in Frameworks */,
			);
			runOnlyForDeploymentPostprocessing = 0;
		};
/* End PBXFrameworksBuildPhase section */

/* Begin PBXGroup section */
		7144A58ED683ECD24A5B80CE /* Frameworks */ = {
			isa = PBXGroup;
			children = (
			);
			name = Frameworks;
			sourceTree = "<group>";
		};
		BDF796652553F76700E40B7B = {
			isa = PBXGroup;
			children = (
				BDF796702553F76700E40B7B /* GSM */,
				BDF7966F2553F76700E40B7B /* Products */,
				7144A58ED683ECD24A5B80CE /* Frameworks */,
			);
			sourceTree = "<group>";
		};
		BDF7966F2553F76700E40B7B /* Products */ = {
			isa = PBXGroup;
			children = (
				BDF7966E2553F76700E40B7B /* GSM.app */,
			);
			name = Products;
			sourceTree = "<group>";
		};
		BDF796702553F76700E40B7B /* GSM */ = {
			isa = PBXGroup;
			children = (
				BDF796712553F76700E40B7B /* AppDelegate.swift */,
				BDF796732553F76700E40B7B /* SceneDelegate.swift */,
				BDF796752553F76700E40B7B /* ViewController.swift */,
				BDF7968B255421D500E40B7B /* SearchViewController.swift */,
				BDF796872554178500E40B7B /* AppStoreItemTableViewCell.swift */,
				BDF796772553F76700E40B7B /* Main.storyboard */,
				BDF7967A2553F76800E40B7B /* Assets.xcassets */,
				BDF7967C2553F76800E40B7B /* LaunchScreen.storyboard */,
				BDF7967F2553F76800E40B7B /* Info.plist */,
				BD15FE06255D34EF0093B1C1 /* AppStoreModel.swift */,
			);
			path = GSM;
			sourceTree = "<group>";
		};
/* End PBXGroup section */

/* Begin PBXNativeTarget section */
		BDF7966D2553F76700E40B7B /* GSM */ = {
			isa = PBXNativeTarget;
			buildConfigurationList = BDF796822553F76800E40B7B /* Build configuration list for PBXNativeTarget "GSM" */;
			buildPhases = (
				BDF7966A2553F76700E40B7B /* Sources */,
				BDF7966B2553F76700E40B7B /* Frameworks */,
				BDF7966C2553F76700E40B7B /* Resources */,
			);
			buildRules = (
			);
			dependencies = (
			);
			name = GSM;
			packageProductDependencies = (
				BD15FE03255D309A0093B1C1 /* Alamofire */,
				BD15FE0A255D4A250093B1C1 /* Kingfisher */,
			);
			productName = GSM;
			productReference = BDF7966E2553F76700E40B7B /* GSM.app */;
			productType = "com.apple.product-type.application";
		};
/* End PBXNativeTarget section */

/* Begin PBXProject section */
		BDF796662553F76700E40B7B /* Project object */ = {
			isa = PBXProject;
			attributes = {
				LastSwiftUpdateCheck = 1210;
				LastUpgradeCheck = 1210;
				TargetAttributes = {
					BDF7966D2553F76700E40B7B = {
						CreatedOnToolsVersion = 12.1;
					};
				};
			};
			buildConfigurationList = BDF796692553F76700E40B7B /* Build configuration list for PBXProject "GSM" */;
			compatibilityVersion = "Xcode 9.3";
			developmentRegion = en;
			hasScannedForEncodings = 0;
			knownRegions = (
				en,
				Base,
			);
			mainGroup = BDF796652553F76700E40B7B;
			packageReferences = (
				BD15FE02255D309A0093B1C1 /* XCRemoteSwiftPackageReference "Alamofire" */,
				BD15FE09255D4A250093B1C1 /* XCRemoteSwiftPackageReference "Kingfisher" */,
			);
			productRefGroup = BDF7966F2553F76700E40B7B /* Products */;
			projectDirPath = "";
			projectRoot = "";
			targets = (
				BDF7966D2553F76700E40B7B /* GSM */,
			);
		};
/* End PBXProject section */

/* Begin PBXResourcesBuildPhase section */
		BDF7966C2553F76700E40B7B /* Resources */ = {
			isa = PBXResourcesBuildPhase;
			buildActionMask = 2147483647;
			files = (
				BDF7967E2553F76800E40B7B /* LaunchScreen.storyboard in Resources */,
				BDF7967B2553F76800E40B7B /* Assets.xcassets in Resources */,
				BDF796792553F76700E40B7B /* Main.storyboard in Resources */,
			);
			runOnlyForDeploymentPostprocessing = 0;
		};
/* End PBXResourcesBuildPhase section */

/* Begin PBXSourcesBuildPhase section */
		BDF7966A2553F76700E40B7B /* Sources */ = {
			isa = PBXSourcesBuildPhase;
			buildActionMask = 2147483647;
			files = (
				BDF7968C255421D500E40B7B /* SearchViewController.swift in Sources */,
				BDF796762553F76700E40B7B /* ViewController.swift in Sources */,
				BDF796722553F76700E40B7B /* AppDelegate.swift in Sources */,
				BD15FE07255D34EF0093B1C1 /* AppStoreModel.swift in Sources */,
				BDF796882554178500E40B7B /* AppStoreItemTableViewCell.swift in Sources */,
				BDF796742553F76700E40B7B /* SceneDelegate.swift in Sources */,
			);
			runOnlyForDeploymentPostprocessing = 0;
		};
/* End PBXSourcesBuildPhase section */

/* Begin PBXVariantGroup section */
		BDF796772553F76700E40B7B /* Main.storyboard */ = {
			isa = PBXVariantGroup;
			children = (
				BDF796782553F76700E40B7B /* Base */,
			);
			name = Main.storyboard;
			sourceTree = "<group>";
		};
		BDF7967C2553F76800E40B7B /* LaunchScreen.storyboard */ = {
			isa = PBXVariantGroup;
			children = (
				BDF7967D2553F76800E40B7B /* Base */,
			);
			name = LaunchScreen.storyboard;
			sourceTree = "<group>";
		};
/* End PBXVariantGroup section */

/* Begin XCBuildConfiguration section */
		BDF796802553F76800E40B7B /* Debug */ = {
			isa = XCBuildConfiguration;
			buildSettings = {
				ALWAYS_SEARCH_USER_PATHS = NO;
				CLANG_ANALYZER_NONNULL = YES;
				CLANG_ANALYZER_NUMBER_OBJECT_CONVERSION = YES_AGGRESSIVE;
				CLANG_CXX_LANGUAGE_STANDARD = "gnu++14";
				CLANG_CXX_LIBRARY = "libc++";
				CLANG_ENABLE_MODULES = YES;
				CLANG_ENABLE_OBJC_ARC = YES;
				CLANG_ENABLE_OBJC_WEAK = YES;
				CLANG_WARN_BLOCK_CAPTURE_AUTORELEASING = YES;
				CLANG_WARN_BOOL_CONVERSION = YES;
				CLANG_WARN_COMMA = YES;
				CLANG_WARN_CONSTANT_CONVERSION = YES;
				CLANG_WARN_DEPRECATED_OBJC_IMPLEMENTATIONS = YES;
				CLANG_WARN_DIRECT_OBJC_ISA_USAGE = YES_ERROR;
				CLANG_WARN_DOCUMENTATION_COMMENTS = YES;
				CLANG_WARN_EMPTY_BODY = YES;
				CLANG_WARN_ENUM_CONVERSION = YES;
				CLANG_WARN_INFINITE_RECURSION = YES;
				CLANG_WARN_INT_CONVERSION = YES;
				CLANG_WARN_NON_LITERAL_NULL_CONVERSION = YES;
				CLANG_WARN_OBJC_IMPLICIT_RETAIN_SELF = YES;
				CLANG_WARN_OBJC_LITERAL_CONVERSION = YES;
				CLANG_WARN_OBJC_ROOT_CLASS = YES_ERROR;
				CLANG_WARN_QUOTED_INCLUDE_IN_FRAMEWORK_HEADER = YES;
				CLANG_WARN_RANGE_LOOP_ANALYSIS = YES;
				CLANG_WARN_STRICT_PROTOTYPES = YES;
				CLANG_WARN_SUSPICIOUS_MOVE = YES;
				CLANG_WARN_UNGUARDED_AVAILABILITY = YES_AGGRESSIVE;
				CLANG_WARN_UNREACHABLE_CODE = YES;
				CLANG_WARN__DUPLICATE_METHOD_MATCH = YES;
				COPY_PHASE_STRIP = NO;
				DEBUG_INFORMATION_FORMAT = dwarf;
				ENABLE_STRICT_OBJC_MSGSEND = YES;
				ENABLE_TESTABILITY = YES;
				GCC_C_LANGUAGE_STANDARD = gnu11;
				GCC_DYNAMIC_NO_PIC = NO;
				GCC_NO_COMMON_BLOCKS = YES;
				GCC_OPTIMIZATION_LEVEL = 0;
				GCC_PREPROCESSOR_DEFINITIONS = (
					"DEBUG=1",
					"$(inherited)",
				);
				GCC_WARN_64_TO_32_BIT_CONVERSION = YES;
				GCC_WARN_ABOUT_RETURN_TYPE = YES_ERROR;
				GCC_WARN_UNDECLARED_SELECTOR = YES;
				GCC_WARN_UNINITIALIZED_AUTOS = YES_AGGRESSIVE;
				GCC_WARN_UNUSED_FUNCTION = YES;
				GCC_WARN_UNUSED_VARIABLE = YES;
				IPHONEOS_DEPLOYMENT_TARGET = 14.1;
				MTL_ENABLE_DEBUG_INFO = INCLUDE_SOURCE;
				MTL_FAST_MATH = YES;
				ONLY_ACTIVE_ARCH = YES;
				SDKROOT = iphoneos;
				SWIFT_ACTIVE_COMPILATION_CONDITIONS = DEBUG;
				SWIFT_OPTIMIZATION_LEVEL = "-Onone";
			};
			name = Debug;
		};
		BDF796812553F76800E40B7B /* Release */ = {
			isa = XCBuildConfiguration;
			buildSettings = {
				ALWAYS_SEARCH_USER_PATHS = NO;
				CLANG_ANALYZER_NONNULL = YES;
				CLANG_ANALYZER_NUMBER_OBJECT_CONVERSION = YES_AGGRESSIVE;
				CLANG_CXX_LANGUAGE_STANDARD = "gnu++14";
				CLANG_CXX_LIBRARY = "libc++";
				CLANG_ENABLE_MODULES = YES;
				CLANG_ENABLE_OBJC_ARC = YES;
				CLANG_ENABLE_OBJC_WEAK = YES;
				CLANG_WARN_BLOCK_CAPTURE_AUTORELEASING = YES;
				CLANG_WARN_BOOL_CONVERSION = YES;
				CLANG_WARN_COMMA = YES;
				CLANG_WARN_CONSTANT_CONVERSION = YES;
				CLANG_WARN_DEPRECATED_OBJC_IMPLEMENTATIONS = YES;
				CLANG_WARN_DIRECT_OBJC_ISA_USAGE = YES_ERROR;
				CLANG_WARN_DOCUMENTATION_COMMENTS = YES;
				CLANG_WARN_EMPTY_BODY = YES;
				CLANG_WARN_ENUM_CONVERSION = YES;
				CLANG_WARN_INFINITE_RECURSION = YES;
				CLANG_WARN_INT_CONVERSION = YES;
				CLANG_WARN_NON_LITERAL_NULL_CONVERSION = YES;
				CLANG_WARN_OBJC_IMPLICIT_RETAIN_SELF = YES;
				CLANG_WARN_OBJC_LITERAL_CONVERSION = YES;
				CLANG_WARN_OBJC_ROOT_CLASS = YES_ERROR;
				CLANG_WARN_QUOTED_INCLUDE_IN_FRAMEWORK_HEADER = YES;
				CLANG_WARN_RANGE_LOOP_ANALYSIS = YES;
				CLANG_WARN_STRICT_PROTOTYPES = YES;
				CLANG_WARN_SUSPICIOUS_MOVE = YES;
				CLANG_WARN_UNGUARDED_AVAILABILITY = YES_AGGRESSIVE;
				CLANG_WARN_UNREACHABLE_CODE = YES;
				CLANG_WARN__DUPLICATE_METHOD_MATCH = YES;
				COPY_PHASE_STRIP = NO;
				DEBUG_INFORMATION_FORMAT = "dwarf-with-dsym";
				ENABLE_NS_ASSERTIONS = NO;
				ENABLE_STRICT_OBJC_MSGSEND = YES;
				GCC_C_LANGUAGE_STANDARD = gnu11;
				GCC_NO_COMMON_BLOCKS = YES;
				GCC_WARN_64_TO_32_BIT_CONVERSION = YES;
				GCC_WARN_ABOUT_RETURN_TYPE = YES_ERROR;
				GCC_WARN_UNDECLARED_SELECTOR = YES;
				GCC_WARN_UNINITIALIZED_AUTOS = YES_AGGRESSIVE;
				GCC_WARN_UNUSED_FUNCTION = YES;
				GCC_WARN_UNUSED_VARIABLE = YES;
				IPHONEOS_DEPLOYMENT_TARGET = 14.1;
				MTL_ENABLE_DEBUG_INFO = NO;
				MTL_FAST_MATH = YES;
				SDKROOT = iphoneos;
				SWIFT_COMPILATION_MODE = wholemodule;
				SWIFT_OPTIMIZATION_LEVEL = "-O";
				VALIDATE_PRODUCT = YES;
			};
			name = Release;
		};
		BDF796832553F76800E40B7B /* Debug */ = {
			isa = XCBuildConfiguration;
			buildSettings = {
				ASSETCATALOG_COMPILER_APPICON_NAME = AppIcon;
				ASSETCATALOG_COMPILER_GLOBAL_ACCENT_COLOR_NAME = AccentColor;
				CODE_SIGN_STYLE = Automatic;
				INFOPLIST_FILE = GSM/Info.plist;
				IPHONEOS_DEPLOYMENT_TARGET = 14.0;
				LD_RUNPATH_SEARCH_PATHS = (
					"$(inherited)",
					"@executable_path/Frameworks",
				);
				PRODUCT_BUNDLE_IDENTIFIER = com.yourcompany.GSM;
				PRODUCT_NAME = "$(TARGET_NAME)";
				SWIFT_VERSION = 5.0;
				TARGETED_DEVICE_FAMILY = 1;
			};
			name = Debug;
		};
		BDF796842553F76800E40B7B /* Release */ = {
			isa = XCBuildConfiguration;
			buildSettings = {
				ASSETCATALOG_COMPILER_APPICON_NAME = AppIcon;
				ASSETCATALOG_COMPILER_GLOBAL_ACCENT_COLOR_NAME = AccentColor;
				CODE_SIGN_STYLE = Automatic;
				INFOPLIST_FILE = GSM/Info.plist;
				IPHONEOS_DEPLOYMENT_TARGET = 14.0;
				LD_RUNPATH_SEARCH_PATHS = (
					"$(inherited)",
					"@executable_path/Frameworks",
				);
				PRODUCT_BUNDLE_IDENTIFIER = com.yourcompany.GSM;
				PRODUCT_NAME = "$(TARGET_NAME)";
				SWIFT_VERSION = 5.0;
				TARGETED_DEVICE_FAMILY = 1;
			};
			name = Release;
		};
/* End XCBuildConfiguration section */

/* Begin XCConfigurationList section */
		BDF796692553F76700E40B7B /* Build configuration list for PBXProject "GSM" */ = {
			isa = XCConfigurationList;
			buildConfigurations = (
				BDF796802553F76800E40B7B /* Debug */,
				BDF796812553F76800E40B7B /* Release */,
			);
			defaultConfigurationIsVisible = 0;
			defaultConfigurationName = Release;
		};
		BDF796822553F76800E40B7B /* Build configuration list for PBXNativeTarget "GSM" */ = {
			isa = XCConfigurationList;
			buildConfigurations = (
				BDF796832553F76800E40B7B /* Debug */,
				BDF796842553F76800E40B7B /* Release */,
			);
			defaultConfigurationIsVisible = 0;
			defaultConfigurationName = Release;
		};
/* End XCConfigurationList section */

/* Begin XCRemoteSwiftPackageReference section */
		BD15FE02255D309A0093B1C1 /* XCRemoteSwiftPackageReference "Alamofire" */ = {
			isa = XCRemoteSwiftPackageReference;
			repositoryURL = "https://github.com/Alamofire/Alamofire";
			requirement = {
				kind = upToNextMajorVersion;
				minimumVersion = 5.4.0;
			};
		};
		BD15FE09255D4A250093B1C1 /* XCRemoteSwiftPackageReference "Kingfisher" */ = {
			isa = XCRemoteSwiftPackageReference;
			repositoryURL = "https://github.com/onevcat/Kingfisher";
			requirement = {
				kind = upToNextMajorVersion;
				minimumVersion = 5.15.7;
			};
		};
/* End XCRemoteSwiftPackageReference section */

/* Begin XCSwiftPackageProductDependency section */
		BD15FE03255D309A0093B1C1 /* Alamofire */ = {
			isa = XCSwiftPackageProductDependency;
			package = BD15FE02255D309A0093B1C1 /* XCRemoteSwiftPackageReference "Alamofire" */;
			productName = Alamofire;
		};
		BD15FE0A255D4A250093B1C1 /* Kingfisher */ = {
			isa = XCSwiftPackageProductDependency;
			package = BD15FE09255D4A250093B1C1 /* XCRemoteSwiftPackageReference "Kingfisher" */;
			productName = Kingfisher;
		};
/* End XCSwiftPackageProductDependency section */
	};
	rootObject = BDF796662553F76700E40B7B /* Project object */;
}
